
Microsoft Visual Studio Solution File, Format Version 12.00
# Visual Studio Version 16
VisualStudioVersion = 16.0.30011.22
MinimumVisualStudioVersion = 10.0.40219.1
Project("{9A19103F-16F7-4668-BE54-9A1E7A4F7556}") = "Project.Service", "Project.Service\Project.Service.csproj", "{E2B56489-2DA9-48ED-978A-85B04A92527D}"
EndProject
Project("{FAE04EC0-301F-11D3-BF4B-00C04F79EFBC}") = "TestCRUDApp", "TestCRUDApp\TestCRUDApp.csproj", "{D21CBB51-A5E1-4D7A-92DA-493F9B7703E3}"
EndProject
Project("{FAE04EC0-301F-11D3-BF4B-00C04F79EFBC}") = "WebApplicationTest", "WebApplicationTest\WebApplicationTest.csproj", "{D19D522F-E243-4AB0-8B32-9038924580A7}"
EndProject
Global
	GlobalSection(SolutionConfigurationPlatforms) = preSolution
		Debug|Any CPU = Debug|Any CPU
		Release|Any CPU = Release|Any CPU
	EndGlobalSection
	GlobalSection(ProjectConfigurationPlatforms) = postSolution
		{E2B56489-2DA9-48ED-978A-85B04A92527D}.Debug|Any CPU.ActiveCfg = Debug|Any CPU
		{E2B56489-2DA9-48ED-978A-85B04A92527D}.Debug|Any CPU.Build.0 = Debug|Any CPU
		{E2B56489-2DA9-48ED-978A-85B04A92527D}.Release|Any CPU.ActiveCfg = Release|Any CPU
		{E2B56489-2DA9-48ED-978A-85B04A92527D}.Release|Any CPU.Build.0 = Release|Any CPU
		{D21CBB51-A5E1-4D7A-92DA-493F9B7703E3}.Debug|Any CPU.ActiveCfg = Debug|Any CPU
		{D21CBB51-A5E1-4D7A-92DA-493F9B7703E3}.Debug|Any CPU.Build.0 = Debug|Any CPU
		{D21CBB51-A5E1-4D7A-92DA-493F9B7703E3}.Release|Any CPU.ActiveCfg = Release|Any CPU
		{D21CBB51-A5E1-4D7A-92DA-493F9B7703E3}.Release|Any CPU.Build.0 = Release|Any CPU
		{D19D522F-E243-4AB0-8B32-9038924580A7}.Debug|Any CPU.ActiveCfg = Debug|Any CPU
		{D19D522F-E243-4AB0-8B32-9038924580A7}.Debug|Any CPU.Build.0 = Debug|Any CPU
		{D19D522F-E243-4AB0-8B32-9038924580A7}.Release|Any CPU.ActiveCfg = Release|Any CPU
		{D19D522F-E243-4AB0-8B32-9038924580A7}.Release|Any CPU.Build.0 = Release|Any CPU
	EndGlobalSection
	GlobalSection(SolutionProperties) = preSolution
		HideSolutionNode = FALSE
	EndGlobalSection
	GlobalSection(ExtensibilityGlobals) = postSolution
		SolutionGuid = {40FD67D9-7148-4FDE-B9E6-911855C30378}
	EndGlobalSection
EndGlobal
